
Microsoft Visual Studio Solution File, Format Version 12.00
# Visual Studio Version 17
VisualStudioVersion = 17.13.35931.197
MinimumVisualStudioVersion = 10.0.40219.1
Project("{FAE04EC0-301F-11D3-BF4B-00C04F79EFBC}") = "WareHouse.API", "WareHouse.API\WareHouse.API.csproj", "{332F253A-86F0-41DF-8A1B-DA6432EC6D7D}"
EndProject
Project("{FAE04EC0-301F-11D3-BF4B-00C04F79EFBC}") = "WareHouse.Model", "WareHouse.Model\WareHouse.Model.csproj", "{D0E0E9A2-DD9A-4FAE-A684-40F2D245763F}"
EndProject
Project("{FAE04EC0-301F-11D3-BF4B-00C04F79EFBC}") = "WareHouse.Model.UnitTests", "WareHouse.Model.UnitTests\WareHouse.Model.UnitTests.csproj", "{6E40993C-A1E5-4536-B5D1-2CB13FF68953}"
EndProject
Project("{FAE04EC0-301F-11D3-BF4B-00C04F79EFBC}") = "WareHouse.Data", "WareHouse.Data\WareHouse.Data.csproj", "{D7B9EB24-4710-4470-ABEF-5A34C5F0B6F7}"
EndProject
Project("{FAE04EC0-301F-11D3-BF4B-00C04F79EFBC}") = "WareHouse.Data.IntegrationTests", "WareHouse.Data.IntegrationTests\WareHouse.Data.IntegrationTests.csproj", "{782D9E9C-54FB-46D1-8911-E869661D44F7}"
EndProject
Project("{FAE04EC0-301F-11D3-BF4B-00C04F79EFBC}") = "WareHouse.Services", "WareHouse.Services\WareHouse.Services.csproj", "{89F988DD-AF38-4422-AEF5-2844C3DB7CCA}"
EndProject
Project("{FAE04EC0-301F-11D3-BF4B-00C04F79EFBC}") = "WareHouse.Services.UnitTests", "WareHouse.Services.UnitTests\WareHouse.Services.UnitTests.csproj", "{D005DC11-8B6B-4C25-8709-218A022B0BBE}"
EndProject
Project("{2150E333-8FDC-42A3-9474-1A3956D46DE8}") = "IntegrationTests", "IntegrationTests", "{02EA681E-C7D8-13C7-8484-4AC65E1B71E8}"
EndProject
Project("{2150E333-8FDC-42A3-9474-1A3956D46DE8}") = "UnitTests", "UnitTests", "{D14F4127-155F-4CA5-BE58-89268D9A16CB}"
EndProject
Project("{FAE04EC0-301F-11D3-BF4B-00C04F79EFBC}") = "WareHouse.API.UnitTests", "WareHouse.API.UnitTests\WareHouse.API.UnitTests.csproj", "{C8AC9BE1-F44E-4B84-B01A-A92EB7957DBC}"
EndProject
Project("{FAE04EC0-301F-11D3-BF4B-00C04F79EFBC}") = "WareHouse.API.Query", "WareHouse.API.Query\WareHouse.API.Query.csproj", "{CC651761-5DED-4A38-A381-3313395E44E8}"
EndProject
Project("{FAE04EC0-301F-11D3-BF4B-00C04F79EFBC}") = "WareHouse.API.Query.UnitTests", "WareHouse.API.Query.UnitTests\WareHouse.API.Query.UnitTests.csproj", "{BB88A7D3-ED09-4EDF-815C-028A51169B37}"
EndProject
Project("{FAE04EC0-301F-11D3-BF4B-00C04F79EFBC}") = "WareHouse.API.Query.IntegrationTests", "WareHouse.API.Query.IntegrationTests\WareHouse.API.Query.IntegrationTests.csproj", "{F10C8A67-B9CC-4DCC-843B-034ED26DD272}"
EndProject
Project("{FAE04EC0-301F-11D3-BF4B-00C04F79EFBC}") = "WareHouse.API.IntegrationTests", "WareHouse.API.IntegrationTests\WareHouse.API.IntegrationTests.csproj", "{8A2314C0-B4A0-4B88-9ACF-025946779F36}"
EndProject
Project("{2150E333-8FDC-42A3-9474-1A3956D46DE8}") = "Infrastructure", "Infrastructure", "{6BC95D27-F751-401C-8B08-1A50C4F1B5FD}"
EndProject
Project("{2150E333-8FDC-42A3-9474-1A3956D46DE8}") = "MessageBus", "MessageBus", "{0EDF6EFB-C6DF-467D-9F66-BDD76AF80CE9}"
	ProjectSection(SolutionItems) = preProject
		rabbit-mq-dck.yml = rabbit-mq-dck.yml
	EndProjectSection
EndProject
Project("{2150E333-8FDC-42A3-9474-1A3956D46DE8}") = "Database", "Database", "{2DAC797B-7E4C-41B3-B1D8-941F3DF012AE}"
	ProjectSection(SolutionItems) = preProject
		sql-server-dck.yml = sql-server-dck.yml
	EndProjectSection
EndProject
Project("{2150E333-8FDC-42A3-9474-1A3956D46DE8}") = "kubernetes", "kubernetes", "{C7616743-82A1-42CE-B131-4B16A3152C8A}"
	ProjectSection(SolutionItems) = preProject
		prometheus.yml = prometheus.yml
	EndProjectSection
EndProject
Project("{2150E333-8FDC-42A3-9474-1A3956D46DE8}") = "WareHouse.API.Query", "WareHouse.API.Query", "{7A766607-3A43-4463-8509-9DDE914D31E0}"
	ProjectSection(SolutionItems) = preProject
		warehouse-api-query-deployment.yml = warehouse-api-query-deployment.yml
		warehouse-api-query-hpa.yml = warehouse-api-query-hpa.yml
		warehouse-api-query-service.yml = warehouse-api-query-service.yml
	EndProjectSection
EndProject
Project("{2150E333-8FDC-42A3-9474-1A3956D46DE8}") = "SqlServer", "SqlServer", "{AD3B3873-6D7F-4648-BCB8-BBC7E466B197}"
	ProjectSection(SolutionItems) = preProject
		sqlserver-deployment.yml = sqlserver-deployment.yml
		sqlserver-service.yml = sqlserver-service.yml
	EndProjectSection
EndProject
Project("{2150E333-8FDC-42A3-9474-1A3956D46DE8}") = "RabbitMq", "RabbitMq", "{7F8F3DF5-9747-4256-9850-7553F5112DAE}"
	ProjectSection(SolutionItems) = preProject
		rabbitmq-deployment.yml = rabbitmq-deployment.yml
		rabbitmq-service.yml = rabbitmq-service.yml
	EndProjectSection
EndProject
Project("{2150E333-8FDC-42A3-9474-1A3956D46DE8}") = "Warehouse.API", "Warehouse.API", "{745A0F04-75F4-4388-8512-6AF8FCE992F4}"
	ProjectSection(SolutionItems) = preProject
		warehouse-api-deployment.yml = warehouse-api-deployment.yml
		warehouse-api-service.yml = warehouse-api-service.yml
	EndProjectSection
EndProject
Project("{2150E333-8FDC-42A3-9474-1A3956D46DE8}") = "Docker", "Docker", "{B7FD7FD8-BF43-49A4-92A6-134568397E26}"
	ProjectSection(SolutionItems) = preProject
		docker-compose.yml = docker-compose.yml
		run-warehouse.bat = run-warehouse.bat
	EndProjectSection
EndProject
Global
	GlobalSection(SolutionConfigurationPlatforms) = preSolution
		Debug|Any CPU = Debug|Any CPU
		Release|Any CPU = Release|Any CPU
	EndGlobalSection
	GlobalSection(ProjectConfigurationPlatforms) = postSolution
		{332F253A-86F0-41DF-8A1B-DA6432EC6D7D}.Debug|Any CPU.ActiveCfg = Debug|Any CPU
		{332F253A-86F0-41DF-8A1B-DA6432EC6D7D}.Debug|Any CPU.Build.0 = Debug|Any CPU
		{332F253A-86F0-41DF-8A1B-DA6432EC6D7D}.Release|Any CPU.ActiveCfg = Release|Any CPU
		{332F253A-86F0-41DF-8A1B-DA6432EC6D7D}.Release|Any CPU.Build.0 = Release|Any CPU
		{D0E0E9A2-DD9A-4FAE-A684-40F2D245763F}.Debug|Any CPU.ActiveCfg = Debug|Any CPU
		{D0E0E9A2-DD9A-4FAE-A684-40F2D245763F}.Debug|Any CPU.Build.0 = Debug|Any CPU
		{D0E0E9A2-DD9A-4FAE-A684-40F2D245763F}.Release|Any CPU.ActiveCfg = Release|Any CPU
		{D0E0E9A2-DD9A-4FAE-A684-40F2D245763F}.Release|Any CPU.Build.0 = Release|Any CPU
		{6E40993C-A1E5-4536-B5D1-2CB13FF68953}.Debug|Any CPU.ActiveCfg = Debug|Any CPU
		{6E40993C-A1E5-4536-B5D1-2CB13FF68953}.Debug|Any CPU.Build.0 = Debug|Any CPU
		{6E40993C-A1E5-4536-B5D1-2CB13FF68953}.Release|Any CPU.ActiveCfg = Release|Any CPU
		{6E40993C-A1E5-4536-B5D1-2CB13FF68953}.Release|Any CPU.Build.0 = Release|Any CPU
		{D7B9EB24-4710-4470-ABEF-5A34C5F0B6F7}.Debug|Any CPU.ActiveCfg = Debug|Any CPU
		{D7B9EB24-4710-4470-ABEF-5A34C5F0B6F7}.Debug|Any CPU.Build.0 = Debug|Any CPU
		{D7B9EB24-4710-4470-ABEF-5A34C5F0B6F7}.Release|Any CPU.ActiveCfg = Release|Any CPU
		{D7B9EB24-4710-4470-ABEF-5A34C5F0B6F7}.Release|Any CPU.Build.0 = Release|Any CPU
		{782D9E9C-54FB-46D1-8911-E869661D44F7}.Debug|Any CPU.ActiveCfg = Debug|Any CPU
		{782D9E9C-54FB-46D1-8911-E869661D44F7}.Debug|Any CPU.Build.0 = Debug|Any CPU
		{782D9E9C-54FB-46D1-8911-E869661D44F7}.Release|Any CPU.ActiveCfg = Release|Any CPU
		{782D9E9C-54FB-46D1-8911-E869661D44F7}.Release|Any CPU.Build.0 = Release|Any CPU
		{89F988DD-AF38-4422-AEF5-2844C3DB7CCA}.Debug|Any CPU.ActiveCfg = Debug|Any CPU
		{89F988DD-AF38-4422-AEF5-2844C3DB7CCA}.Debug|Any CPU.Build.0 = Debug|Any CPU
		{89F988DD-AF38-4422-AEF5-2844C3DB7CCA}.Release|Any CPU.ActiveCfg = Release|Any CPU
		{89F988DD-AF38-4422-AEF5-2844C3DB7CCA}.Release|Any CPU.Build.0 = Release|Any CPU
		{D005DC11-8B6B-4C25-8709-218A022B0BBE}.Debug|Any CPU.ActiveCfg = Debug|Any CPU
		{D005DC11-8B6B-4C25-8709-218A022B0BBE}.Debug|Any CPU.Build.0 = Debug|Any CPU
		{D005DC11-8B6B-4C25-8709-218A022B0BBE}.Release|Any CPU.ActiveCfg = Release|Any CPU
		{D005DC11-8B6B-4C25-8709-218A022B0BBE}.Release|Any CPU.Build.0 = Release|Any CPU
		{C8AC9BE1-F44E-4B84-B01A-A92EB7957DBC}.Debug|Any CPU.ActiveCfg = Debug|Any CPU
		{C8AC9BE1-F44E-4B84-B01A-A92EB7957DBC}.Debug|Any CPU.Build.0 = Debug|Any CPU
		{C8AC9BE1-F44E-4B84-B01A-A92EB7957DBC}.Release|Any CPU.ActiveCfg = Release|Any CPU
		{C8AC9BE1-F44E-4B84-B01A-A92EB7957DBC}.Release|Any CPU.Build.0 = Release|Any CPU
		{CC651761-5DED-4A38-A381-3313395E44E8}.Debug|Any CPU.ActiveCfg = Debug|Any CPU
		{CC651761-5DED-4A38-A381-3313395E44E8}.Debug|Any CPU.Build.0 = Debug|Any CPU
		{CC651761-5DED-4A38-A381-3313395E44E8}.Release|Any CPU.ActiveCfg = Release|Any CPU
		{CC651761-5DED-4A38-A381-3313395E44E8}.Release|Any CPU.Build.0 = Release|Any CPU
		{BB88A7D3-ED09-4EDF-815C-028A51169B37}.Debug|Any CPU.ActiveCfg = Debug|Any CPU
		{BB88A7D3-ED09-4EDF-815C-028A51169B37}.Debug|Any CPU.Build.0 = Debug|Any CPU
		{BB88A7D3-ED09-4EDF-815C-028A51169B37}.Release|Any CPU.ActiveCfg = Release|Any CPU
		{BB88A7D3-ED09-4EDF-815C-028A51169B37}.Release|Any CPU.Build.0 = Release|Any CPU
		{F10C8A67-B9CC-4DCC-843B-034ED26DD272}.Debug|Any CPU.ActiveCfg = Debug|Any CPU
		{F10C8A67-B9CC-4DCC-843B-034ED26DD272}.Debug|Any CPU.Build.0 = Debug|Any CPU
		{F10C8A67-B9CC-4DCC-843B-034ED26DD272}.Release|Any CPU.ActiveCfg = Release|Any CPU
		{F10C8A67-B9CC-4DCC-843B-034ED26DD272}.Release|Any CPU.Build.0 = Release|Any CPU
		{8A2314C0-B4A0-4B88-9ACF-025946779F36}.Debug|Any CPU.ActiveCfg = Debug|Any CPU
		{8A2314C0-B4A0-4B88-9ACF-025946779F36}.Debug|Any CPU.Build.0 = Debug|Any CPU
		{8A2314C0-B4A0-4B88-9ACF-025946779F36}.Release|Any CPU.ActiveCfg = Release|Any CPU
		{8A2314C0-B4A0-4B88-9ACF-025946779F36}.Release|Any CPU.Build.0 = Release|Any CPU
	EndGlobalSection
	GlobalSection(SolutionProperties) = preSolution
		HideSolutionNode = FALSE
	EndGlobalSection
	GlobalSection(NestedProjects) = preSolution
		{6E40993C-A1E5-4536-B5D1-2CB13FF68953} = {D14F4127-155F-4CA5-BE58-89268D9A16CB}
		{782D9E9C-54FB-46D1-8911-E869661D44F7} = {02EA681E-C7D8-13C7-8484-4AC65E1B71E8}
		{D005DC11-8B6B-4C25-8709-218A022B0BBE} = {D14F4127-155F-4CA5-BE58-89268D9A16CB}
		{C8AC9BE1-F44E-4B84-B01A-A92EB7957DBC} = {D14F4127-155F-4CA5-BE58-89268D9A16CB}
		{BB88A7D3-ED09-4EDF-815C-028A51169B37} = {D14F4127-155F-4CA5-BE58-89268D9A16CB}
		{F10C8A67-B9CC-4DCC-843B-034ED26DD272} = {02EA681E-C7D8-13C7-8484-4AC65E1B71E8}
		{8A2314C0-B4A0-4B88-9ACF-025946779F36} = {02EA681E-C7D8-13C7-8484-4AC65E1B71E8}
		{0EDF6EFB-C6DF-467D-9F66-BDD76AF80CE9} = {B7FD7FD8-BF43-49A4-92A6-134568397E26}
		{2DAC797B-7E4C-41B3-B1D8-941F3DF012AE} = {B7FD7FD8-BF43-49A4-92A6-134568397E26}
		{C7616743-82A1-42CE-B131-4B16A3152C8A} = {6BC95D27-F751-401C-8B08-1A50C4F1B5FD}
		{7A766607-3A43-4463-8509-9DDE914D31E0} = {C7616743-82A1-42CE-B131-4B16A3152C8A}
		{AD3B3873-6D7F-4648-BCB8-BBC7E466B197} = {C7616743-82A1-42CE-B131-4B16A3152C8A}
		{7F8F3DF5-9747-4256-9850-7553F5112DAE} = {C7616743-82A1-42CE-B131-4B16A3152C8A}
		{745A0F04-75F4-4388-8512-6AF8FCE992F4} = {C7616743-82A1-42CE-B131-4B16A3152C8A}
		{B7FD7FD8-BF43-49A4-92A6-134568397E26} = {6BC95D27-F751-401C-8B08-1A50C4F1B5FD}
	EndGlobalSection
	GlobalSection(ExtensibilityGlobals) = postSolution
		SolutionGuid = {07410E42-99B0-4584-A0D5-4D48432C4CB4}
	EndGlobalSection
EndGlobal
