
Microsoft Visual Studio Solution File, Format Version 12.00
# Visual Studio Version 17
VisualStudioVersion = 17.13.35931.197
MinimumVisualStudioVersion = 10.0.40219.1
Project("{FAE04EC0-301F-11D3-BF4B-00C04F79EFBC}") = "WareHouse.API", "WareHouse.API\WareHouse.API.csproj", "{332F253A-86F0-41DF-8A1B-DA6432EC6D7D}"
EndProject
Project("{FAE04EC0-301F-11D3-BF4B-00C04F79EFBC}") = "WareHouse.Model", "WareHouse.Model\WareHouse.Model.csproj", "{D0E0E9A2-DD9A-4FAE-A684-40F2D245763F}"
EndProject
Project("{FAE04EC0-301F-11D3-BF4B-00C04F79EFBC}") = "WareHouse.Model.UnitTests", "WareHouse.Model.UnitTests\WareHouse.Model.UnitTests.csproj", "{6E40993C-A1E5-4536-B5D1-2CB13FF68953}"
EndProject
Project("{FAE04EC0-301F-11D3-BF4B-00C04F79EFBC}") = "WareHouse.Data", "WareHouse.Data\WareHouse.Data.csproj", "{D7B9EB24-4710-4470-ABEF-5A34C5F0B6F7}"
EndProject
Project("{FAE04EC0-301F-11D3-BF4B-00C04F79EFBC}") = "WareHouse.Data.IntegrationTests", "WareHouse.Data.IntegrationTests\WareHouse.Data.IntegrationTests.csproj", "{782D9E9C-54FB-46D1-8911-E869661D44F7}"
EndProject
Project("{FAE04EC0-301F-11D3-BF4B-00C04F79EFBC}") = "WareHouse.Services", "WareHouse.Services\WareHouse.Services.csproj", "{89F988DD-AF38-4422-AEF5-2844C3DB7CCA}"
EndProject
Project("{FAE04EC0-301F-11D3-BF4B-00C04F79EFBC}") = "WareHouse.Services.UnitTests", "WareHouse.Services.UnitTests\WareHouse.Services.UnitTests.csproj", "{D005DC11-8B6B-4C25-8709-218A022B0BBE}"
EndProject
Project("{2150E333-8FDC-42A3-9474-1A3956D46DE8}") = "IntegrationTests", "IntegrationTests", "{02EA681E-C7D8-13C7-8484-4AC65E1B71E8}"
EndProject
Project("{2150E333-8FDC-42A3-9474-1A3956D46DE8}") = "UnitTests", "UnitTests", "{D14F4127-155F-4CA5-BE58-89268D9A16CB}"
EndProject
Project("{FAE04EC0-301F-11D3-BF4B-00C04F79EFBC}") = "WareHouse.API.UnitTests", "WareHouse.API.UnitTests\WareHouse.API.UnitTests.csproj", "{C8AC9BE1-F44E-4B84-B01A-A92EB7957DBC}"
EndProject
Project("{FAE04EC0-301F-11D3-BF4B-00C04F79EFBC}") = "WareHouse.API.Query", "WareHouse.API.Query\WareHouse.API.Query.csproj", "{CC651761-5DED-4A38-A381-3313395E44E8}"
EndProject
Project("{FAE04EC0-301F-11D3-BF4B-00C04F79EFBC}") = "WareHouse.API.Query.UnitTests", "WareHouse.API.Query.UnitTests\WareHouse.API.Query.UnitTests.csproj", "{BB88A7D3-ED09-4EDF-815C-028A51169B37}"
EndProject
Project("{FAE04EC0-301F-11D3-BF4B-00C04F79EFBC}") = "WareHouse.API.Query.IntegrationTests", "WareHouse.API.Query.IntegrationTests\WareHouse.API.Query.IntegrationTests.csproj", "{F10C8A67-B9CC-4DCC-843B-034ED26DD272}"
EndProject
Project("{FAE04EC0-301F-11D3-BF4B-00C04F79EFBC}") = "WareHouse.API.IntegrationTests", "WareHouse.API.IntegrationTests\WareHouse.API.IntegrationTests.csproj", "{8A2314C0-B4A0-4B88-9ACF-025946779F36}"
EndProject
Global
	GlobalSection(SolutionConfigurationPlatforms) = preSolution
		Debug|Any CPU = Debug|Any CPU
		Release|Any CPU = Release|Any CPU
	EndGlobalSection
	GlobalSection(ProjectConfigurationPlatforms) = postSolution
		{332F253A-86F0-41DF-8A1B-DA6432EC6D7D}.Debug|Any CPU.ActiveCfg = Debug|Any CPU
		{332F253A-86F0-41DF-8A1B-DA6432EC6D7D}.Debug|Any CPU.Build.0 = Debug|Any CPU
		{332F253A-86F0-41DF-8A1B-DA6432EC6D7D}.Release|Any CPU.ActiveCfg = Release|Any CPU
		{332F253A-86F0-41DF-8A1B-DA6432EC6D7D}.Release|Any CPU.Build.0 = Release|Any CPU
		{D0E0E9A2-DD9A-4FAE-A684-40F2D245763F}.Debug|Any CPU.ActiveCfg = Debug|Any CPU
		{D0E0E9A2-DD9A-4FAE-A684-40F2D245763F}.Debug|Any CPU.Build.0 = Debug|Any CPU
		{D0E0E9A2-DD9A-4FAE-A684-40F2D245763F}.Release|Any CPU.ActiveCfg = Release|Any CPU
		{D0E0E9A2-DD9A-4FAE-A684-40F2D245763F}.Release|Any CPU.Build.0 = Release|Any CPU
		{6E40993C-A1E5-4536-B5D1-2CB13FF68953}.Debug|Any CPU.ActiveCfg = Debug|Any CPU
		{6E40993C-A1E5-4536-B5D1-2CB13FF68953}.Debug|Any CPU.Build.0 = Debug|Any CPU
		{6E40993C-A1E5-4536-B5D1-2CB13FF68953}.Release|Any CPU.ActiveCfg = Release|Any CPU
		{6E40993C-A1E5-4536-B5D1-2CB13FF68953}.Release|Any CPU.Build.0 = Release|Any CPU
		{D7B9EB24-4710-4470-ABEF-5A34C5F0B6F7}.Debug|Any CPU.ActiveCfg = Debug|Any CPU
		{D7B9EB24-4710-4470-ABEF-5A34C5F0B6F7}.Debug|Any CPU.Build.0 = Debug|Any CPU
		{D7B9EB24-4710-4470-ABEF-5A34C5F0B6F7}.Release|Any CPU.ActiveCfg = Release|Any CPU
		{D7B9EB24-4710-4470-ABEF-5A34C5F0B6F7}.Release|Any CPU.Build.0 = Release|Any CPU
		{782D9E9C-54FB-46D1-8911-E869661D44F7}.Debug|Any CPU.ActiveCfg = Debug|Any CPU
		{782D9E9C-54FB-46D1-8911-E869661D44F7}.Debug|Any CPU.Build.0 = Debug|Any CPU
		{782D9E9C-54FB-46D1-8911-E869661D44F7}.Release|Any CPU.ActiveCfg = Release|Any CPU
		{782D9E9C-54FB-46D1-8911-E869661D44F7}.Release|Any CPU.Build.0 = Release|Any CPU
		{89F988DD-AF38-4422-AEF5-2844C3DB7CCA}.Debug|Any CPU.ActiveCfg = Debug|Any CPU
		{89F988DD-AF38-4422-AEF5-2844C3DB7CCA}.Debug|Any CPU.Build.0 = Debug|Any CPU
		{89F988DD-AF38-4422-AEF5-2844C3DB7CCA}.Release|Any CPU.ActiveCfg = Release|Any CPU
		{89F988DD-AF38-4422-AEF5-2844C3DB7CCA}.Release|Any CPU.Build.0 = Release|Any CPU
		{D005DC11-8B6B-4C25-8709-218A022B0BBE}.Debug|Any CPU.ActiveCfg = Debug|Any CPU
		{D005DC11-8B6B-4C25-8709-218A022B0BBE}.Debug|Any CPU.Build.0 = Debug|Any CPU
		{D005DC11-8B6B-4C25-8709-218A022B0BBE}.Release|Any CPU.ActiveCfg = Release|Any CPU
		{D005DC11-8B6B-4C25-8709-218A022B0BBE}.Release|Any CPU.Build.0 = Release|Any CPU
		{C8AC9BE1-F44E-4B84-B01A-A92EB7957DBC}.Debug|Any CPU.ActiveCfg = Debug|Any CPU
		{C8AC9BE1-F44E-4B84-B01A-A92EB7957DBC}.Debug|Any CPU.Build.0 = Debug|Any CPU
		{C8AC9BE1-F44E-4B84-B01A-A92EB7957DBC}.Release|Any CPU.ActiveCfg = Release|Any CPU
		{C8AC9BE1-F44E-4B84-B01A-A92EB7957DBC}.Release|Any CPU.Build.0 = Release|Any CPU
		{CC651761-5DED-4A38-A381-3313395E44E8}.Debug|Any CPU.ActiveCfg = Debug|Any CPU
		{CC651761-5DED-4A38-A381-3313395E44E8}.Debug|Any CPU.Build.0 = Debug|Any CPU
		{CC651761-5DED-4A38-A381-3313395E44E8}.Release|Any CPU.ActiveCfg = Release|Any CPU
		{CC651761-5DED-4A38-A381-3313395E44E8}.Release|Any CPU.Build.0 = Release|Any CPU
		{BB88A7D3-ED09-4EDF-815C-028A51169B37}.Debug|Any CPU.ActiveCfg = Debug|Any CPU
		{BB88A7D3-ED09-4EDF-815C-028A51169B37}.Debug|Any CPU.Build.0 = Debug|Any CPU
		{BB88A7D3-ED09-4EDF-815C-028A51169B37}.Release|Any CPU.ActiveCfg = Release|Any CPU
		{BB88A7D3-ED09-4EDF-815C-028A51169B37}.Release|Any CPU.Build.0 = Release|Any CPU
		{F10C8A67-B9CC-4DCC-843B-034ED26DD272}.Debug|Any CPU.ActiveCfg = Debug|Any CPU
		{F10C8A67-B9CC-4DCC-843B-034ED26DD272}.Debug|Any CPU.Build.0 = Debug|Any CPU
		{F10C8A67-B9CC-4DCC-843B-034ED26DD272}.Release|Any CPU.ActiveCfg = Release|Any CPU
		{F10C8A67-B9CC-4DCC-843B-034ED26DD272}.Release|Any CPU.Build.0 = Release|Any CPU
		{8A2314C0-B4A0-4B88-9ACF-025946779F36}.Debug|Any CPU.ActiveCfg = Debug|Any CPU
		{8A2314C0-B4A0-4B88-9ACF-025946779F36}.Debug|Any CPU.Build.0 = Debug|Any CPU
		{8A2314C0-B4A0-4B88-9ACF-025946779F36}.Release|Any CPU.ActiveCfg = Release|Any CPU
		{8A2314C0-B4A0-4B88-9ACF-025946779F36}.Release|Any CPU.Build.0 = Release|Any CPU
	EndGlobalSection
	GlobalSection(SolutionProperties) = preSolution
		HideSolutionNode = FALSE
	EndGlobalSection
	GlobalSection(NestedProjects) = preSolution
		{6E40993C-A1E5-4536-B5D1-2CB13FF68953} = {D14F4127-155F-4CA5-BE58-89268D9A16CB}
		{782D9E9C-54FB-46D1-8911-E869661D44F7} = {02EA681E-C7D8-13C7-8484-4AC65E1B71E8}
		{D005DC11-8B6B-4C25-8709-218A022B0BBE} = {D14F4127-155F-4CA5-BE58-89268D9A16CB}
		{C8AC9BE1-F44E-4B84-B01A-A92EB7957DBC} = {D14F4127-155F-4CA5-BE58-89268D9A16CB}
		{BB88A7D3-ED09-4EDF-815C-028A51169B37} = {D14F4127-155F-4CA5-BE58-89268D9A16CB}
		{F10C8A67-B9CC-4DCC-843B-034ED26DD272} = {02EA681E-C7D8-13C7-8484-4AC65E1B71E8}
		{8A2314C0-B4A0-4B88-9ACF-025946779F36} = {02EA681E-C7D8-13C7-8484-4AC65E1B71E8}
	EndGlobalSection
	GlobalSection(ExtensibilityGlobals) = postSolution
		SolutionGuid = {07410E42-99B0-4584-A0D5-4D48432C4CB4}
	EndGlobalSection
EndGlobal
